
Microsoft Visual Studio Solution File, Format Version 12.00
# Visual Studio Version 17
VisualStudioVersion = 17.1.32414.318
MinimumVisualStudioVersion = 10.0.40219.1
Project("{8BC9CEB8-8B4A-11D0-8D11-00A0C91BC942}") = "factory_and_consumers_2", "factory_and_consumers_2\factory_and_consumers_2.vcxproj", "{EB01414A-D966-4872-B6D5-3C311CAB880A}"
EndProject
Global
	GlobalSection(SolutionConfigurationPlatforms) = preSolution
		Debug|x64 = Debug|x64
		Debug|x86 = Debug|x86
		Release|x64 = Release|x64
		Release|x86 = Release|x86
	EndGlobalSection
	GlobalSection(ProjectConfigurationPlatforms) = postSolution
		{EB01414A-D966-4872-B6D5-3C311CAB880A}.Debug|x64.ActiveCfg = Debug|x64
		{EB01414A-D966-4872-B6D5-3C311CAB880A}.Debug|x64.Build.0 = Debug|x64
		{EB01414A-D966-4872-B6D5-3C311CAB880A}.Debug|x86.ActiveCfg = Debug|Win32
		{EB01414A-D966-4872-B6D5-3C311CAB880A}.Debug|x86.Build.0 = Debug|Win32
		{EB01414A-D966-4872-B6D5-3C311CAB880A}.Release|x64.ActiveCfg = Release|x64
		{EB01414A-D966-4872-B6D5-3C311CAB880A}.Release|x64.Build.0 = Release|x64
		{EB01414A-D966-4872-B6D5-3C311CAB880A}.Release|x86.ActiveCfg = Release|Win32
		{EB01414A-D966-4872-B6D5-3C311CAB880A}.Release|x86.Build.0 = Release|Win32
	EndGlobalSection
	GlobalSection(SolutionProperties) = preSolution
		HideSolutionNode = FALSE
	EndGlobalSection
	GlobalSection(ExtensibilityGlobals) = postSolution
		SolutionGuid = {0DD7CF34-DEE5-434A-8145-7D14F6AD08FD}
	EndGlobalSection
EndGlobal
